
Microsoft Visual Studio Solution File, Format Version 12.00
# Visual Studio 2013
VisualStudioVersion = 12.0.40629.0
MinimumVisualStudioVersion = 10.0.40219.1
Project("{FAE04EC0-301F-11D3-BF4B-00C04F79EFBC}") = "KodenApp", "KodenApp\KodenApp\KodenApp.csproj", "{BBFE9DBE-F52E-481F-92AA-414BC1161156}"
EndProject
Project("{FAE04EC0-301F-11D3-BF4B-00C04F79EFBC}") = "KodenApp.Droid", "KodenApp\KodenApp.Droid\KodenApp.Droid.csproj", "{8847E3DA-A287-4CDC-BE64-C22DBC2933A5}"
EndProject
Project("{FAE04EC0-301F-11D3-BF4B-00C04F79EFBC}") = "KodenApp.iOS", "KodenApp\KodenApp.iOS\KodenApp.iOS.csproj", "{3A076677-46EB-46D7-BB8E-436D6DAFE7A3}"
EndProject
Project("{FAE04EC0-301F-11D3-BF4B-00C04F79EFBC}") = "KodenApp.WinPhone", "KodenApp\KodenApp.WinPhone\KodenApp.WinPhone.csproj", "{4D173AF1-4E0F-425F-AF40-1D650417781A}"
EndProject
Project("{FAE04EC0-301F-11D3-BF4B-00C04F79EFBC}") = "KodenApp.Windows", "KodenApp\KodenApp.Windows\KodenApp.Windows.csproj", "{BFE02D4E-5D03-449E-8B7B-843D0BE68A58}"
EndProject
Global
	GlobalSection(SolutionConfigurationPlatforms) = preSolution
		Ad-Hoc|Any CPU = Ad-Hoc|Any CPU
		Ad-Hoc|ARM = Ad-Hoc|ARM
		Ad-Hoc|iPhone = Ad-Hoc|iPhone
		Ad-Hoc|iPhoneSimulator = Ad-Hoc|iPhoneSimulator
		Ad-Hoc|Mixed Platforms = Ad-Hoc|Mixed Platforms
		Ad-Hoc|x64 = Ad-Hoc|x64
		Ad-Hoc|x86 = Ad-Hoc|x86
		AppStore|Any CPU = AppStore|Any CPU
		AppStore|ARM = AppStore|ARM
		AppStore|iPhone = AppStore|iPhone
		AppStore|iPhoneSimulator = AppStore|iPhoneSimulator
		AppStore|Mixed Platforms = AppStore|Mixed Platforms
		AppStore|x64 = AppStore|x64
		AppStore|x86 = AppStore|x86
		Debug|Any CPU = Debug|Any CPU
		Debug|ARM = Debug|ARM
		Debug|iPhone = Debug|iPhone
		Debug|iPhoneSimulator = Debug|iPhoneSimulator
		Debug|Mixed Platforms = Debug|Mixed Platforms
		Debug|x64 = Debug|x64
		Debug|x86 = Debug|x86
		Release|Any CPU = Release|Any CPU
		Release|ARM = Release|ARM
		Release|iPhone = Release|iPhone
		Release|iPhoneSimulator = Release|iPhoneSimulator
		Release|Mixed Platforms = Release|Mixed Platforms
		Release|x64 = Release|x64
		Release|x86 = Release|x86
	EndGlobalSection
	GlobalSection(ProjectConfigurationPlatforms) = postSolution
		{BBFE9DBE-F52E-481F-92AA-414BC1161156}.Ad-Hoc|Any CPU.ActiveCfg = Release|Any CPU
		{BBFE9DBE-F52E-481F-92AA-414BC1161156}.Ad-Hoc|Any CPU.Build.0 = Release|Any CPU
		{BBFE9DBE-F52E-481F-92AA-414BC1161156}.Ad-Hoc|ARM.ActiveCfg = Release|Any CPU
		{BBFE9DBE-F52E-481F-92AA-414BC1161156}.Ad-Hoc|iPhone.ActiveCfg = Release|Any CPU
		{BBFE9DBE-F52E-481F-92AA-414BC1161156}.Ad-Hoc|iPhoneSimulator.ActiveCfg = Release|Any CPU
		{BBFE9DBE-F52E-481F-92AA-414BC1161156}.Ad-Hoc|Mixed Platforms.ActiveCfg = Release|Any CPU
		{BBFE9DBE-F52E-481F-92AA-414BC1161156}.Ad-Hoc|Mixed Platforms.Build.0 = Release|Any CPU
		{BBFE9DBE-F52E-481F-92AA-414BC1161156}.Ad-Hoc|x64.ActiveCfg = Release|Any CPU
		{BBFE9DBE-F52E-481F-92AA-414BC1161156}.Ad-Hoc|x86.ActiveCfg = Release|Any CPU
		{BBFE9DBE-F52E-481F-92AA-414BC1161156}.AppStore|Any CPU.ActiveCfg = Release|Any CPU
		{BBFE9DBE-F52E-481F-92AA-414BC1161156}.AppStore|Any CPU.Build.0 = Release|Any CPU
		{BBFE9DBE-F52E-481F-92AA-414BC1161156}.AppStore|ARM.ActiveCfg = Release|Any CPU
		{BBFE9DBE-F52E-481F-92AA-414BC1161156}.AppStore|iPhone.ActiveCfg = Release|Any CPU
		{BBFE9DBE-F52E-481F-92AA-414BC1161156}.AppStore|iPhoneSimulator.ActiveCfg = Release|Any CPU
		{BBFE9DBE-F52E-481F-92AA-414BC1161156}.AppStore|Mixed Platforms.ActiveCfg = Release|Any CPU
		{BBFE9DBE-F52E-481F-92AA-414BC1161156}.AppStore|Mixed Platforms.Build.0 = Release|Any CPU
		{BBFE9DBE-F52E-481F-92AA-414BC1161156}.AppStore|x64.ActiveCfg = Release|Any CPU
		{BBFE9DBE-F52E-481F-92AA-414BC1161156}.AppStore|x86.ActiveCfg = Release|Any CPU
		{BBFE9DBE-F52E-481F-92AA-414BC1161156}.Debug|Any CPU.ActiveCfg = Debug|Any CPU
		{BBFE9DBE-F52E-481F-92AA-414BC1161156}.Debug|Any CPU.Build.0 = Debug|Any CPU
		{BBFE9DBE-F52E-481F-92AA-414BC1161156}.Debug|ARM.ActiveCfg = Debug|Any CPU
		{BBFE9DBE-F52E-481F-92AA-414BC1161156}.Debug|iPhone.ActiveCfg = Debug|Any CPU
		{BBFE9DBE-F52E-481F-92AA-414BC1161156}.Debug|iPhoneSimulator.ActiveCfg = Debug|Any CPU
		{BBFE9DBE-F52E-481F-92AA-414BC1161156}.Debug|Mixed Platforms.ActiveCfg = Debug|Any CPU
		{BBFE9DBE-F52E-481F-92AA-414BC1161156}.Debug|Mixed Platforms.Build.0 = Debug|Any CPU
		{BBFE9DBE-F52E-481F-92AA-414BC1161156}.Debug|x64.ActiveCfg = Debug|Any CPU
		{BBFE9DBE-F52E-481F-92AA-414BC1161156}.Debug|x86.ActiveCfg = Debug|Any CPU
		{BBFE9DBE-F52E-481F-92AA-414BC1161156}.Release|Any CPU.ActiveCfg = Release|Any CPU
		{BBFE9DBE-F52E-481F-92AA-414BC1161156}.Release|Any CPU.Build.0 = Release|Any CPU
		{BBFE9DBE-F52E-481F-92AA-414BC1161156}.Release|ARM.ActiveCfg = Release|Any CPU
		{BBFE9DBE-F52E-481F-92AA-414BC1161156}.Release|iPhone.ActiveCfg = Release|Any CPU
		{BBFE9DBE-F52E-481F-92AA-414BC1161156}.Release|iPhoneSimulator.ActiveCfg = Release|Any CPU
		{BBFE9DBE-F52E-481F-92AA-414BC1161156}.Release|Mixed Platforms.ActiveCfg = Release|Any CPU
		{BBFE9DBE-F52E-481F-92AA-414BC1161156}.Release|Mixed Platforms.Build.0 = Release|Any CPU
		{BBFE9DBE-F52E-481F-92AA-414BC1161156}.Release|x64.ActiveCfg = Release|Any CPU
		{BBFE9DBE-F52E-481F-92AA-414BC1161156}.Release|x86.ActiveCfg = Release|Any CPU
		{8847E3DA-A287-4CDC-BE64-C22DBC2933A5}.Ad-Hoc|Any CPU.ActiveCfg = Release|Any CPU
		{8847E3DA-A287-4CDC-BE64-C22DBC2933A5}.Ad-Hoc|Any CPU.Build.0 = Release|Any CPU
		{8847E3DA-A287-4CDC-BE64-C22DBC2933A5}.Ad-Hoc|Any CPU.Deploy.0 = Release|Any CPU
		{8847E3DA-A287-4CDC-BE64-C22DBC2933A5}.Ad-Hoc|ARM.ActiveCfg = Release|Any CPU
		{8847E3DA-A287-4CDC-BE64-C22DBC2933A5}.Ad-Hoc|iPhone.ActiveCfg = Release|Any CPU
		{8847E3DA-A287-4CDC-BE64-C22DBC2933A5}.Ad-Hoc|iPhoneSimulator.ActiveCfg = Release|Any CPU
		{8847E3DA-A287-4CDC-BE64-C22DBC2933A5}.Ad-Hoc|Mixed Platforms.ActiveCfg = Release|Any CPU
		{8847E3DA-A287-4CDC-BE64-C22DBC2933A5}.Ad-Hoc|Mixed Platforms.Build.0 = Release|Any CPU
		{8847E3DA-A287-4CDC-BE64-C22DBC2933A5}.Ad-Hoc|Mixed Platforms.Deploy.0 = Release|Any CPU
		{8847E3DA-A287-4CDC-BE64-C22DBC2933A5}.Ad-Hoc|x64.ActiveCfg = Release|Any CPU
		{8847E3DA-A287-4CDC-BE64-C22DBC2933A5}.Ad-Hoc|x86.ActiveCfg = Release|Any CPU
		{8847E3DA-A287-4CDC-BE64-C22DBC2933A5}.AppStore|Any CPU.ActiveCfg = Release|Any CPU
		{8847E3DA-A287-4CDC-BE64-C22DBC2933A5}.AppStore|Any CPU.Build.0 = Release|Any CPU
		{8847E3DA-A287-4CDC-BE64-C22DBC2933A5}.AppStore|Any CPU.Deploy.0 = Release|Any CPU
		{8847E3DA-A287-4CDC-BE64-C22DBC2933A5}.AppStore|ARM.ActiveCfg = Release|Any CPU
		{8847E3DA-A287-4CDC-BE64-C22DBC2933A5}.AppStore|iPhone.ActiveCfg = Release|Any CPU
		{8847E3DA-A287-4CDC-BE64-C22DBC2933A5}.AppStore|iPhoneSimulator.ActiveCfg = Release|Any CPU
		{8847E3DA-A287-4CDC-BE64-C22DBC2933A5}.AppStore|Mixed Platforms.ActiveCfg = Release|Any CPU
		{8847E3DA-A287-4CDC-BE64-C22DBC2933A5}.AppStore|Mixed Platforms.Build.0 = Release|Any CPU
		{8847E3DA-A287-4CDC-BE64-C22DBC2933A5}.AppStore|Mixed Platforms.Deploy.0 = Release|Any CPU
		{8847E3DA-A287-4CDC-BE64-C22DBC2933A5}.AppStore|x64.ActiveCfg = Release|Any CPU
		{8847E3DA-A287-4CDC-BE64-C22DBC2933A5}.AppStore|x86.ActiveCfg = Release|Any CPU
		{8847E3DA-A287-4CDC-BE64-C22DBC2933A5}.Debug|Any CPU.ActiveCfg = Debug|Any CPU
		{8847E3DA-A287-4CDC-BE64-C22DBC2933A5}.Debug|Any CPU.Build.0 = Debug|Any CPU
		{8847E3DA-A287-4CDC-BE64-C22DBC2933A5}.Debug|Any CPU.Deploy.0 = Debug|Any CPU
		{8847E3DA-A287-4CDC-BE64-C22DBC2933A5}.Debug|ARM.ActiveCfg = Debug|Any CPU
		{8847E3DA-A287-4CDC-BE64-C22DBC2933A5}.Debug|iPhone.ActiveCfg = Debug|Any CPU
		{8847E3DA-A287-4CDC-BE64-C22DBC2933A5}.Debug|iPhoneSimulator.ActiveCfg = Debug|Any CPU
		{8847E3DA-A287-4CDC-BE64-C22DBC2933A5}.Debug|Mixed Platforms.ActiveCfg = Debug|Any CPU
		{8847E3DA-A287-4CDC-BE64-C22DBC2933A5}.Debug|Mixed Platforms.Build.0 = Debug|Any CPU
		{8847E3DA-A287-4CDC-BE64-C22DBC2933A5}.Debug|Mixed Platforms.Deploy.0 = Debug|Any CPU
		{8847E3DA-A287-4CDC-BE64-C22DBC2933A5}.Debug|x64.ActiveCfg = Debug|Any CPU
		{8847E3DA-A287-4CDC-BE64-C22DBC2933A5}.Debug|x86.ActiveCfg = Debug|Any CPU
		{8847E3DA-A287-4CDC-BE64-C22DBC2933A5}.Release|Any CPU.ActiveCfg = Release|Any CPU
		{8847E3DA-A287-4CDC-BE64-C22DBC2933A5}.Release|Any CPU.Build.0 = Release|Any CPU
		{8847E3DA-A287-4CDC-BE64-C22DBC2933A5}.Release|Any CPU.Deploy.0 = Release|Any CPU
		{8847E3DA-A287-4CDC-BE64-C22DBC2933A5}.Release|ARM.ActiveCfg = Release|Any CPU
		{8847E3DA-A287-4CDC-BE64-C22DBC2933A5}.Release|iPhone.ActiveCfg = Release|Any CPU
		{8847E3DA-A287-4CDC-BE64-C22DBC2933A5}.Release|iPhoneSimulator.ActiveCfg = Release|Any CPU
		{8847E3DA-A287-4CDC-BE64-C22DBC2933A5}.Release|Mixed Platforms.ActiveCfg = Release|Any CPU
		{8847E3DA-A287-4CDC-BE64-C22DBC2933A5}.Release|Mixed Platforms.Build.0 = Release|Any CPU
		{8847E3DA-A287-4CDC-BE64-C22DBC2933A5}.Release|Mixed Platforms.Deploy.0 = Release|Any CPU
		{8847E3DA-A287-4CDC-BE64-C22DBC2933A5}.Release|x64.ActiveCfg = Release|Any CPU
		{8847E3DA-A287-4CDC-BE64-C22DBC2933A5}.Release|x86.ActiveCfg = Release|Any CPU
		{3A076677-46EB-46D7-BB8E-436D6DAFE7A3}.Ad-Hoc|Any CPU.ActiveCfg = Ad-Hoc|iPhone
		{3A076677-46EB-46D7-BB8E-436D6DAFE7A3}.Ad-Hoc|ARM.ActiveCfg = Ad-Hoc|iPhone
		{3A076677-46EB-46D7-BB8E-436D6DAFE7A3}.Ad-Hoc|iPhone.ActiveCfg = Ad-Hoc|iPhone
		{3A076677-46EB-46D7-BB8E-436D6DAFE7A3}.Ad-Hoc|iPhone.Build.0 = Ad-Hoc|iPhone
		{3A076677-46EB-46D7-BB8E-436D6DAFE7A3}.Ad-Hoc|iPhoneSimulator.ActiveCfg = Ad-Hoc|iPhoneSimulator
		{3A076677-46EB-46D7-BB8E-436D6DAFE7A3}.Ad-Hoc|iPhoneSimulator.Build.0 = Ad-Hoc|iPhoneSimulator
		{3A076677-46EB-46D7-BB8E-436D6DAFE7A3}.Ad-Hoc|Mixed Platforms.ActiveCfg = Ad-Hoc|iPhone
		{3A076677-46EB-46D7-BB8E-436D6DAFE7A3}.Ad-Hoc|Mixed Platforms.Build.0 = Ad-Hoc|iPhone
		{3A076677-46EB-46D7-BB8E-436D6DAFE7A3}.Ad-Hoc|x64.ActiveCfg = Ad-Hoc|iPhone
		{3A076677-46EB-46D7-BB8E-436D6DAFE7A3}.Ad-Hoc|x86.ActiveCfg = Ad-Hoc|iPhone
		{3A076677-46EB-46D7-BB8E-436D6DAFE7A3}.AppStore|Any CPU.ActiveCfg = AppStore|iPhone
		{3A076677-46EB-46D7-BB8E-436D6DAFE7A3}.AppStore|ARM.ActiveCfg = AppStore|iPhone
		{3A076677-46EB-46D7-BB8E-436D6DAFE7A3}.AppStore|iPhone.ActiveCfg = AppStore|iPhone
		{3A076677-46EB-46D7-BB8E-436D6DAFE7A3}.AppStore|iPhone.Build.0 = AppStore|iPhone
		{3A076677-46EB-46D7-BB8E-436D6DAFE7A3}.AppStore|iPhoneSimulator.ActiveCfg = AppStore|iPhoneSimulator
		{3A076677-46EB-46D7-BB8E-436D6DAFE7A3}.AppStore|iPhoneSimulator.Build.0 = AppStore|iPhoneSimulator
		{3A076677-46EB-46D7-BB8E-436D6DAFE7A3}.AppStore|Mixed Platforms.ActiveCfg = AppStore|iPhone
		{3A076677-46EB-46D7-BB8E-436D6DAFE7A3}.AppStore|Mixed Platforms.Build.0 = AppStore|iPhone
		{3A076677-46EB-46D7-BB8E-436D6DAFE7A3}.AppStore|x64.ActiveCfg = AppStore|iPhone
		{3A076677-46EB-46D7-BB8E-436D6DAFE7A3}.AppStore|x86.ActiveCfg = AppStore|iPhone
		{3A076677-46EB-46D7-BB8E-436D6DAFE7A3}.Debug|Any CPU.ActiveCfg = Debug|iPhone
		{3A076677-46EB-46D7-BB8E-436D6DAFE7A3}.Debug|ARM.ActiveCfg = Debug|iPhone
		{3A076677-46EB-46D7-BB8E-436D6DAFE7A3}.Debug|iPhone.ActiveCfg = Debug|iPhone
		{3A076677-46EB-46D7-BB8E-436D6DAFE7A3}.Debug|iPhone.Build.0 = Debug|iPhone
		{3A076677-46EB-46D7-BB8E-436D6DAFE7A3}.Debug|iPhoneSimulator.ActiveCfg = Debug|iPhoneSimulator
		{3A076677-46EB-46D7-BB8E-436D6DAFE7A3}.Debug|iPhoneSimulator.Build.0 = Debug|iPhoneSimulator
		{3A076677-46EB-46D7-BB8E-436D6DAFE7A3}.Debug|Mixed Platforms.ActiveCfg = Debug|iPhone
		{3A076677-46EB-46D7-BB8E-436D6DAFE7A3}.Debug|Mixed Platforms.Build.0 = Debug|iPhone
		{3A076677-46EB-46D7-BB8E-436D6DAFE7A3}.Debug|x64.ActiveCfg = Debug|iPhone
		{3A076677-46EB-46D7-BB8E-436D6DAFE7A3}.Debug|x86.ActiveCfg = Debug|iPhone
		{3A076677-46EB-46D7-BB8E-436D6DAFE7A3}.Release|Any CPU.ActiveCfg = Release|iPhone
		{3A076677-46EB-46D7-BB8E-436D6DAFE7A3}.Release|ARM.ActiveCfg = Release|iPhone
		{3A076677-46EB-46D7-BB8E-436D6DAFE7A3}.Release|iPhone.ActiveCfg = Release|iPhone
		{3A076677-46EB-46D7-BB8E-436D6DAFE7A3}.Release|iPhone.Build.0 = Release|iPhone
		{3A076677-46EB-46D7-BB8E-436D6DAFE7A3}.Release|iPhoneSimulator.ActiveCfg = Release|iPhoneSimulator
		{3A076677-46EB-46D7-BB8E-436D6DAFE7A3}.Release|iPhoneSimulator.Build.0 = Release|iPhoneSimulator
		{3A076677-46EB-46D7-BB8E-436D6DAFE7A3}.Release|Mixed Platforms.ActiveCfg = Release|iPhone
		{3A076677-46EB-46D7-BB8E-436D6DAFE7A3}.Release|Mixed Platforms.Build.0 = Release|iPhone
		{3A076677-46EB-46D7-BB8E-436D6DAFE7A3}.Release|x64.ActiveCfg = Release|iPhone
		{3A076677-46EB-46D7-BB8E-436D6DAFE7A3}.Release|x86.ActiveCfg = Release|iPhone
		{4D173AF1-4E0F-425F-AF40-1D650417781A}.Ad-Hoc|Any CPU.ActiveCfg = Release|Any CPU
		{4D173AF1-4E0F-425F-AF40-1D650417781A}.Ad-Hoc|Any CPU.Build.0 = Release|Any CPU
		{4D173AF1-4E0F-425F-AF40-1D650417781A}.Ad-Hoc|Any CPU.Deploy.0 = Release|Any CPU
		{4D173AF1-4E0F-425F-AF40-1D650417781A}.Ad-Hoc|ARM.ActiveCfg = Release|ARM
		{4D173AF1-4E0F-425F-AF40-1D650417781A}.Ad-Hoc|ARM.Build.0 = Release|ARM
		{4D173AF1-4E0F-425F-AF40-1D650417781A}.Ad-Hoc|ARM.Deploy.0 = Release|ARM
		{4D173AF1-4E0F-425F-AF40-1D650417781A}.Ad-Hoc|iPhone.ActiveCfg = Release|Any CPU
		{4D173AF1-4E0F-425F-AF40-1D650417781A}.Ad-Hoc|iPhoneSimulator.ActiveCfg = Release|Any CPU
		{4D173AF1-4E0F-425F-AF40-1D650417781A}.Ad-Hoc|Mixed Platforms.ActiveCfg = Release|x86
		{4D173AF1-4E0F-425F-AF40-1D650417781A}.Ad-Hoc|Mixed Platforms.Build.0 = Release|x86
		{4D173AF1-4E0F-425F-AF40-1D650417781A}.Ad-Hoc|Mixed Platforms.Deploy.0 = Release|x86
		{4D173AF1-4E0F-425F-AF40-1D650417781A}.Ad-Hoc|x64.ActiveCfg = Release|Any CPU
		{4D173AF1-4E0F-425F-AF40-1D650417781A}.Ad-Hoc|x86.ActiveCfg = Release|x86
		{4D173AF1-4E0F-425F-AF40-1D650417781A}.Ad-Hoc|x86.Build.0 = Release|x86
		{4D173AF1-4E0F-425F-AF40-1D650417781A}.Ad-Hoc|x86.Deploy.0 = Release|x86
		{4D173AF1-4E0F-425F-AF40-1D650417781A}.AppStore|Any CPU.ActiveCfg = Release|Any CPU
		{4D173AF1-4E0F-425F-AF40-1D650417781A}.AppStore|Any CPU.Build.0 = Release|Any CPU
		{4D173AF1-4E0F-425F-AF40-1D650417781A}.AppStore|Any CPU.Deploy.0 = Release|Any CPU
		{4D173AF1-4E0F-425F-AF40-1D650417781A}.AppStore|ARM.ActiveCfg = Release|ARM
		{4D173AF1-4E0F-425F-AF40-1D650417781A}.AppStore|ARM.Build.0 = Release|ARM
		{4D173AF1-4E0F-425F-AF40-1D650417781A}.AppStore|ARM.Deploy.0 = Release|ARM
		{4D173AF1-4E0F-425F-AF40-1D650417781A}.AppStore|iPhone.ActiveCfg = Release|Any CPU
		{4D173AF1-4E0F-425F-AF40-1D650417781A}.AppStore|iPhoneSimulator.ActiveCfg = Release|Any CPU
		{4D173AF1-4E0F-425F-AF40-1D650417781A}.AppStore|Mixed Platforms.ActiveCfg = Release|x86
		{4D173AF1-4E0F-425F-AF40-1D650417781A}.AppStore|Mixed Platforms.Build.0 = Release|x86
		{4D173AF1-4E0F-425F-AF40-1D650417781A}.AppStore|Mixed Platforms.Deploy.0 = Release|x86
		{4D173AF1-4E0F-425F-AF40-1D650417781A}.AppStore|x64.ActiveCfg = Release|Any CPU
		{4D173AF1-4E0F-425F-AF40-1D650417781A}.AppStore|x86.ActiveCfg = Release|x86
		{4D173AF1-4E0F-425F-AF40-1D650417781A}.AppStore|x86.Build.0 = Release|x86
		{4D173AF1-4E0F-425F-AF40-1D650417781A}.AppStore|x86.Deploy.0 = Release|x86
		{4D173AF1-4E0F-425F-AF40-1D650417781A}.Debug|Any CPU.ActiveCfg = Debug|Any CPU
		{4D173AF1-4E0F-425F-AF40-1D650417781A}.Debug|Any CPU.Build.0 = Debug|Any CPU
		{4D173AF1-4E0F-425F-AF40-1D650417781A}.Debug|Any CPU.Deploy.0 = Debug|Any CPU
		{4D173AF1-4E0F-425F-AF40-1D650417781A}.Debug|ARM.ActiveCfg = Debug|ARM
		{4D173AF1-4E0F-425F-AF40-1D650417781A}.Debug|ARM.Build.0 = Debug|ARM
		{4D173AF1-4E0F-425F-AF40-1D650417781A}.Debug|ARM.Deploy.0 = Debug|ARM
		{4D173AF1-4E0F-425F-AF40-1D650417781A}.Debug|iPhone.ActiveCfg = Debug|Any CPU
		{4D173AF1-4E0F-425F-AF40-1D650417781A}.Debug|iPhoneSimulator.ActiveCfg = Debug|Any CPU
		{4D173AF1-4E0F-425F-AF40-1D650417781A}.Debug|Mixed Platforms.ActiveCfg = Debug|x86
		{4D173AF1-4E0F-425F-AF40-1D650417781A}.Debug|Mixed Platforms.Build.0 = Debug|x86
		{4D173AF1-4E0F-425F-AF40-1D650417781A}.Debug|Mixed Platforms.Deploy.0 = Debug|x86
		{4D173AF1-4E0F-425F-AF40-1D650417781A}.Debug|x64.ActiveCfg = Debug|Any CPU
		{4D173AF1-4E0F-425F-AF40-1D650417781A}.Debug|x86.ActiveCfg = Debug|x86
		{4D173AF1-4E0F-425F-AF40-1D650417781A}.Debug|x86.Build.0 = Debug|x86
		{4D173AF1-4E0F-425F-AF40-1D650417781A}.Debug|x86.Deploy.0 = Debug|x86
		{4D173AF1-4E0F-425F-AF40-1D650417781A}.Release|Any CPU.ActiveCfg = Release|Any CPU
		{4D173AF1-4E0F-425F-AF40-1D650417781A}.Release|Any CPU.Build.0 = Release|Any CPU
		{4D173AF1-4E0F-425F-AF40-1D650417781A}.Release|Any CPU.Deploy.0 = Release|Any CPU
		{4D173AF1-4E0F-425F-AF40-1D650417781A}.Release|ARM.ActiveCfg = Release|ARM
		{4D173AF1-4E0F-425F-AF40-1D650417781A}.Release|ARM.Build.0 = Release|ARM
		{4D173AF1-4E0F-425F-AF40-1D650417781A}.Release|ARM.Deploy.0 = Release|ARM
		{4D173AF1-4E0F-425F-AF40-1D650417781A}.Release|iPhone.ActiveCfg = Release|Any CPU
		{4D173AF1-4E0F-425F-AF40-1D650417781A}.Release|iPhoneSimulator.ActiveCfg = Release|Any CPU
		{4D173AF1-4E0F-425F-AF40-1D650417781A}.Release|Mixed Platforms.ActiveCfg = Release|x86
		{4D173AF1-4E0F-425F-AF40-1D650417781A}.Release|Mixed Platforms.Build.0 = Release|x86
		{4D173AF1-4E0F-425F-AF40-1D650417781A}.Release|Mixed Platforms.Deploy.0 = Release|x86
		{4D173AF1-4E0F-425F-AF40-1D650417781A}.Release|x64.ActiveCfg = Release|Any CPU
		{4D173AF1-4E0F-425F-AF40-1D650417781A}.Release|x86.ActiveCfg = Release|x86
		{4D173AF1-4E0F-425F-AF40-1D650417781A}.Release|x86.Build.0 = Release|x86
		{4D173AF1-4E0F-425F-AF40-1D650417781A}.Release|x86.Deploy.0 = Release|x86
		{BFE02D4E-5D03-449E-8B7B-843D0BE68A58}.Ad-Hoc|Any CPU.ActiveCfg = Release|Any CPU
		{BFE02D4E-5D03-449E-8B7B-843D0BE68A58}.Ad-Hoc|Any CPU.Build.0 = Release|Any CPU
		{BFE02D4E-5D03-449E-8B7B-843D0BE68A58}.Ad-Hoc|Any CPU.Deploy.0 = Release|Any CPU
		{BFE02D4E-5D03-449E-8B7B-843D0BE68A58}.Ad-Hoc|ARM.ActiveCfg = Release|ARM
		{BFE02D4E-5D03-449E-8B7B-843D0BE68A58}.Ad-Hoc|ARM.Build.0 = Release|ARM
		{BFE02D4E-5D03-449E-8B7B-843D0BE68A58}.Ad-Hoc|ARM.Deploy.0 = Release|ARM
		{BFE02D4E-5D03-449E-8B7B-843D0BE68A58}.Ad-Hoc|iPhone.ActiveCfg = Release|Any CPU
		{BFE02D4E-5D03-449E-8B7B-843D0BE68A58}.Ad-Hoc|iPhoneSimulator.ActiveCfg = Release|Any CPU
		{BFE02D4E-5D03-449E-8B7B-843D0BE68A58}.Ad-Hoc|Mixed Platforms.ActiveCfg = Release|x86
		{BFE02D4E-5D03-449E-8B7B-843D0BE68A58}.Ad-Hoc|Mixed Platforms.Build.0 = Release|x86
		{BFE02D4E-5D03-449E-8B7B-843D0BE68A58}.Ad-Hoc|Mixed Platforms.Deploy.0 = Release|x86
		{BFE02D4E-5D03-449E-8B7B-843D0BE68A58}.Ad-Hoc|x64.ActiveCfg = Release|x64
		{BFE02D4E-5D03-449E-8B7B-843D0BE68A58}.Ad-Hoc|x64.Build.0 = Release|x64
		{BFE02D4E-5D03-449E-8B7B-843D0BE68A58}.Ad-Hoc|x64.Deploy.0 = Release|x64
		{BFE02D4E-5D03-449E-8B7B-843D0BE68A58}.Ad-Hoc|x86.ActiveCfg = Release|x86
		{BFE02D4E-5D03-449E-8B7B-843D0BE68A58}.Ad-Hoc|x86.Build.0 = Release|x86
		{BFE02D4E-5D03-449E-8B7B-843D0BE68A58}.Ad-Hoc|x86.Deploy.0 = Release|x86
		{BFE02D4E-5D03-449E-8B7B-843D0BE68A58}.AppStore|Any CPU.ActiveCfg = Release|Any CPU
		{BFE02D4E-5D03-449E-8B7B-843D0BE68A58}.AppStore|Any CPU.Build.0 = Release|Any CPU
		{BFE02D4E-5D03-449E-8B7B-843D0BE68A58}.AppStore|Any CPU.Deploy.0 = Release|Any CPU
		{BFE02D4E-5D03-449E-8B7B-843D0BE68A58}.AppStore|ARM.ActiveCfg = Release|ARM
		{BFE02D4E-5D03-449E-8B7B-843D0BE68A58}.AppStore|ARM.Build.0 = Release|ARM
		{BFE02D4E-5D03-449E-8B7B-843D0BE68A58}.AppStore|ARM.Deploy.0 = Release|ARM
		{BFE02D4E-5D03-449E-8B7B-843D0BE68A58}.AppStore|iPhone.ActiveCfg = Release|Any CPU
		{BFE02D4E-5D03-449E-8B7B-843D0BE68A58}.AppStore|iPhoneSimulator.ActiveCfg = Release|Any CPU
		{BFE02D4E-5D03-449E-8B7B-843D0BE68A58}.AppStore|Mixed Platforms.ActiveCfg = Release|x86
		{BFE02D4E-5D03-449E-8B7B-843D0BE68A58}.AppStore|Mixed Platforms.Build.0 = Release|x86
		{BFE02D4E-5D03-449E-8B7B-843D0BE68A58}.AppStore|Mixed Platforms.Deploy.0 = Release|x86
		{BFE02D4E-5D03-449E-8B7B-843D0BE68A58}.AppStore|x64.ActiveCfg = Release|x64
		{BFE02D4E-5D03-449E-8B7B-843D0BE68A58}.AppStore|x64.Build.0 = Release|x64
		{BFE02D4E-5D03-449E-8B7B-843D0BE68A58}.AppStore|x64.Deploy.0 = Release|x64
		{BFE02D4E-5D03-449E-8B7B-843D0BE68A58}.AppStore|x86.ActiveCfg = Release|x86
		{BFE02D4E-5D03-449E-8B7B-843D0BE68A58}.AppStore|x86.Build.0 = Release|x86
		{BFE02D4E-5D03-449E-8B7B-843D0BE68A58}.AppStore|x86.Deploy.0 = Release|x86
		{BFE02D4E-5D03-449E-8B7B-843D0BE68A58}.Debug|Any CPU.ActiveCfg = Debug|Any CPU
		{BFE02D4E-5D03-449E-8B7B-843D0BE68A58}.Debug|Any CPU.Build.0 = Debug|Any CPU
		{BFE02D4E-5D03-449E-8B7B-843D0BE68A58}.Debug|Any CPU.Deploy.0 = Debug|Any CPU
		{BFE02D4E-5D03-449E-8B7B-843D0BE68A58}.Debug|ARM.ActiveCfg = Debug|ARM
		{BFE02D4E-5D03-449E-8B7B-843D0BE68A58}.Debug|ARM.Build.0 = Debug|ARM
		{BFE02D4E-5D03-449E-8B7B-843D0BE68A58}.Debug|ARM.Deploy.0 = Debug|ARM
		{BFE02D4E-5D03-449E-8B7B-843D0BE68A58}.Debug|iPhone.ActiveCfg = Debug|Any CPU
		{BFE02D4E-5D03-449E-8B7B-843D0BE68A58}.Debug|iPhoneSimulator.ActiveCfg = Debug|Any CPU
		{BFE02D4E-5D03-449E-8B7B-843D0BE68A58}.Debug|Mixed Platforms.ActiveCfg = Debug|x86
		{BFE02D4E-5D03-449E-8B7B-843D0BE68A58}.Debug|Mixed Platforms.Build.0 = Debug|x86
		{BFE02D4E-5D03-449E-8B7B-843D0BE68A58}.Debug|Mixed Platforms.Deploy.0 = Debug|x86
		{BFE02D4E-5D03-449E-8B7B-843D0BE68A58}.Debug|x64.ActiveCfg = Debug|x64
		{BFE02D4E-5D03-449E-8B7B-843D0BE68A58}.Debug|x64.Build.0 = Debug|x64
		{BFE02D4E-5D03-449E-8B7B-843D0BE68A58}.Debug|x64.Deploy.0 = Debug|x64
		{BFE02D4E-5D03-449E-8B7B-843D0BE68A58}.Debug|x86.ActiveCfg = Debug|x86
		{BFE02D4E-5D03-449E-8B7B-843D0BE68A58}.Debug|x86.Build.0 = Debug|x86
		{BFE02D4E-5D03-449E-8B7B-843D0BE68A58}.Debug|x86.Deploy.0 = Debug|x86
		{BFE02D4E-5D03-449E-8B7B-843D0BE68A58}.Release|Any CPU.ActiveCfg = Release|Any CPU
		{BFE02D4E-5D03-449E-8B7B-843D0BE68A58}.Release|Any CPU.Build.0 = Release|Any CPU
		{BFE02D4E-5D03-449E-8B7B-843D0BE68A58}.Release|Any CPU.Deploy.0 = Release|Any CPU
		{BFE02D4E-5D03-449E-8B7B-843D0BE68A58}.Release|ARM.ActiveCfg = Release|ARM
		{BFE02D4E-5D03-449E-8B7B-843D0BE68A58}.Release|ARM.Build.0 = Release|ARM
		{BFE02D4E-5D03-449E-8B7B-843D0BE68A58}.Release|ARM.Deploy.0 = Release|ARM
		{BFE02D4E-5D03-449E-8B7B-843D0BE68A58}.Release|iPhone.ActiveCfg = Release|Any CPU
		{BFE02D4E-5D03-449E-8B7B-843D0BE68A58}.Release|iPhoneSimulator.ActiveCfg = Release|Any CPU
		{BFE02D4E-5D03-449E-8B7B-843D0BE68A58}.Release|Mixed Platforms.ActiveCfg = Release|x86
		{BFE02D4E-5D03-449E-8B7B-843D0BE68A58}.Release|Mixed Platforms.Build.0 = Release|x86
		{BFE02D4E-5D03-449E-8B7B-843D0BE68A58}.Release|Mixed Platforms.Deploy.0 = Release|x86
		{BFE02D4E-5D03-449E-8B7B-843D0BE68A58}.Release|x64.ActiveCfg = Release|x64
		{BFE02D4E-5D03-449E-8B7B-843D0BE68A58}.Release|x64.Build.0 = Release|x64
		{BFE02D4E-5D03-449E-8B7B-843D0BE68A58}.Release|x64.Deploy.0 = Release|x64
		{BFE02D4E-5D03-449E-8B7B-843D0BE68A58}.Release|x86.ActiveCfg = Release|x86
		{BFE02D4E-5D03-449E-8B7B-843D0BE68A58}.Release|x86.Build.0 = Release|x86
		{BFE02D4E-5D03-449E-8B7B-843D0BE68A58}.Release|x86.Deploy.0 = Release|x86
	EndGlobalSection
	GlobalSection(SolutionProperties) = preSolution
		HideSolutionNode = FALSE
	EndGlobalSection
EndGlobal
